
Microsoft Visual Studio Solution File, Format Version 12.00
# Visual Studio Version 16
VisualStudioVersion = 16.0.31129.286
MinimumVisualStudioVersion = 10.0.40219.1
Project("{FAE04EC0-301F-11D3-BF4B-00C04F79EFBC}") = "AdvancedProgramming_Lesson3", "AdvancedProgramming_Lesson3\AdvancedProgramming_Lesson3.csproj", "{53387D7B-EB9A-4377-B4F5-90124A101D8A}"
EndProject
Global
	GlobalSection(SolutionConfigurationPlatforms) = preSolution
		Debug|Any CPU = Debug|Any CPU
		Release|Any CPU = Release|Any CPU
	EndGlobalSection
	GlobalSection(ProjectConfigurationPlatforms) = postSolution
		{53387D7B-EB9A-4377-B4F5-90124A101D8A}.Debug|Any CPU.ActiveCfg = Debug|Any CPU
		{53387D7B-EB9A-4377-B4F5-90124A101D8A}.Debug|Any CPU.Build.0 = Debug|Any CPU
		{53387D7B-EB9A-4377-B4F5-90124A101D8A}.Release|Any CPU.ActiveCfg = Release|Any CPU
		{53387D7B-EB9A-4377-B4F5-90124A101D8A}.Release|Any CPU.Build.0 = Release|Any CPU
	EndGlobalSection
	GlobalSection(SolutionProperties) = preSolution
		HideSolutionNode = FALSE
	EndGlobalSection
	GlobalSection(ExtensibilityGlobals) = postSolution
		SolutionGuid = {4FEC24D4-1995-4A8C-9F2D-30D87C126B00}
	EndGlobalSection
EndGlobal
